
Microsoft Visual Studio Solution File, Format Version 12.00
# Visual Studio 2013
VisualStudioVersion = 12.0.21005.1
MinimumVisualStudioVersion = 10.0.40219.1
Project("{FAE04EC0-301F-11D3-BF4B-00C04F79EFBC}") = "Client", "Itrader\Client.csproj", "{1991E530-3E00-42C8-A2AF-96060819F156}"
EndProject
Project("{2150E333-8FDC-42A3-9474-1A3956D46DE8}") = "1.Client", "1.Client", "{25B3605B-6304-41E0-8754-897F0773C453}"
EndProject
Project("{2150E333-8FDC-42A3-9474-1A3956D46DE8}") = "3.Server", "3.Server", "{C656D463-E55B-4C0F-9CD0-7735898A010D}"
EndProject
Project("{FAE04EC0-301F-11D3-BF4B-00C04F79EFBC}") = "Server", "Server\Server.csproj", "{DDAA6F4C-077D-4C1E-86A7-35F4D2575DFE}"
EndProject
Project("{2150E333-8FDC-42A3-9474-1A3956D46DE8}") = "2.Comunication", "2.Comunication", "{1B6A48BB-FA64-45F0-86A9-63781263C1B6}"
EndProject
Project("{2150E333-8FDC-42A3-9474-1A3956D46DE8}") = "4.APIAgent", "4.APIAgent", "{57074A92-C57C-403E-A314-4161EF0D7F2D}"
EndProject
Project("{FAE04EC0-301F-11D3-BF4B-00C04F79EFBC}") = "APIAgent", "SterlingAgent\APIAgent.csproj", "{B8E686DD-1257-4EF6-96CC-7392BF789E13}"
EndProject
Project("{FAE04EC0-301F-11D3-BF4B-00C04F79EFBC}") = "Comunication", "Comunication\Comunication.csproj", "{225148D6-698A-41F3-AD9A-3D3D2E51DF4A}"
EndProject
Project("{FAE04EC0-301F-11D3-BF4B-00C04F79EFBC}") = "UnitTestForAPIAgent", "UnitTestForAPIAgent\UnitTestForAPIAgent.csproj", "{535CF7FB-A565-4683-ADF3-03B05FE4BCBE}"
EndProject
Project("{2150E333-8FDC-42A3-9474-1A3956D46DE8}") = "5.Common", "5.Common", "{7B02EDE0-565B-46A2-93A8-6AC755960611}"
EndProject
Project("{FAE04EC0-301F-11D3-BF4B-00C04F79EFBC}") = "Common", "Common\Common.csproj", "{A7330D75-DFDF-4C3C-9B91-B26472DF21CC}"
EndProject
Project("{FAE04EC0-301F-11D3-BF4B-00C04F79EFBC}") = "LoginAPI", "LoginAPI\LoginAPI.csproj", "{1D6495F3-A715-4BDE-9195-A37625D2012E}"
EndProject
Global
	GlobalSection(SolutionConfigurationPlatforms) = preSolution
		Debug|Any CPU = Debug|Any CPU
		Release|Any CPU = Release|Any CPU
	EndGlobalSection
	GlobalSection(ProjectConfigurationPlatforms) = postSolution
		{1991E530-3E00-42C8-A2AF-96060819F156}.Debug|Any CPU.ActiveCfg = Debug|Any CPU
		{1991E530-3E00-42C8-A2AF-96060819F156}.Debug|Any CPU.Build.0 = Debug|Any CPU
		{1991E530-3E00-42C8-A2AF-96060819F156}.Release|Any CPU.ActiveCfg = Release|Any CPU
		{1991E530-3E00-42C8-A2AF-96060819F156}.Release|Any CPU.Build.0 = Release|Any CPU
		{DDAA6F4C-077D-4C1E-86A7-35F4D2575DFE}.Debug|Any CPU.ActiveCfg = Debug|Any CPU
		{DDAA6F4C-077D-4C1E-86A7-35F4D2575DFE}.Debug|Any CPU.Build.0 = Debug|Any CPU
		{DDAA6F4C-077D-4C1E-86A7-35F4D2575DFE}.Release|Any CPU.ActiveCfg = Release|Any CPU
		{DDAA6F4C-077D-4C1E-86A7-35F4D2575DFE}.Release|Any CPU.Build.0 = Release|Any CPU
		{B8E686DD-1257-4EF6-96CC-7392BF789E13}.Debug|Any CPU.ActiveCfg = Debug|Any CPU
		{B8E686DD-1257-4EF6-96CC-7392BF789E13}.Debug|Any CPU.Build.0 = Debug|Any CPU
		{B8E686DD-1257-4EF6-96CC-7392BF789E13}.Release|Any CPU.ActiveCfg = Release|Any CPU
		{B8E686DD-1257-4EF6-96CC-7392BF789E13}.Release|Any CPU.Build.0 = Release|Any CPU
		{225148D6-698A-41F3-AD9A-3D3D2E51DF4A}.Debug|Any CPU.ActiveCfg = Debug|Any CPU
		{225148D6-698A-41F3-AD9A-3D3D2E51DF4A}.Debug|Any CPU.Build.0 = Debug|Any CPU
		{225148D6-698A-41F3-AD9A-3D3D2E51DF4A}.Release|Any CPU.ActiveCfg = Release|Any CPU
		{225148D6-698A-41F3-AD9A-3D3D2E51DF4A}.Release|Any CPU.Build.0 = Release|Any CPU
		{535CF7FB-A565-4683-ADF3-03B05FE4BCBE}.Debug|Any CPU.ActiveCfg = Debug|Any CPU
		{535CF7FB-A565-4683-ADF3-03B05FE4BCBE}.Debug|Any CPU.Build.0 = Debug|Any CPU
		{535CF7FB-A565-4683-ADF3-03B05FE4BCBE}.Release|Any CPU.ActiveCfg = Release|Any CPU
		{535CF7FB-A565-4683-ADF3-03B05FE4BCBE}.Release|Any CPU.Build.0 = Release|Any CPU
		{A7330D75-DFDF-4C3C-9B91-B26472DF21CC}.Debug|Any CPU.ActiveCfg = Debug|Any CPU
		{A7330D75-DFDF-4C3C-9B91-B26472DF21CC}.Debug|Any CPU.Build.0 = Debug|Any CPU
		{A7330D75-DFDF-4C3C-9B91-B26472DF21CC}.Release|Any CPU.ActiveCfg = Release|Any CPU
		{A7330D75-DFDF-4C3C-9B91-B26472DF21CC}.Release|Any CPU.Build.0 = Release|Any CPU
		{1D6495F3-A715-4BDE-9195-A37625D2012E}.Debug|Any CPU.ActiveCfg = Debug|Any CPU
		{1D6495F3-A715-4BDE-9195-A37625D2012E}.Debug|Any CPU.Build.0 = Debug|Any CPU
		{1D6495F3-A715-4BDE-9195-A37625D2012E}.Release|Any CPU.ActiveCfg = Release|Any CPU
		{1D6495F3-A715-4BDE-9195-A37625D2012E}.Release|Any CPU.Build.0 = Release|Any CPU
	EndGlobalSection
	GlobalSection(SolutionProperties) = preSolution
		HideSolutionNode = FALSE
	EndGlobalSection
	GlobalSection(NestedProjects) = preSolution
		{1991E530-3E00-42C8-A2AF-96060819F156} = {25B3605B-6304-41E0-8754-897F0773C453}
		{DDAA6F4C-077D-4C1E-86A7-35F4D2575DFE} = {C656D463-E55B-4C0F-9CD0-7735898A010D}
		{225148D6-698A-41F3-AD9A-3D3D2E51DF4A} = {1B6A48BB-FA64-45F0-86A9-63781263C1B6}
		{B8E686DD-1257-4EF6-96CC-7392BF789E13} = {57074A92-C57C-403E-A314-4161EF0D7F2D}
		{535CF7FB-A565-4683-ADF3-03B05FE4BCBE} = {57074A92-C57C-403E-A314-4161EF0D7F2D}
		{1D6495F3-A715-4BDE-9195-A37625D2012E} = {57074A92-C57C-403E-A314-4161EF0D7F2D}
		{A7330D75-DFDF-4C3C-9B91-B26472DF21CC} = {7B02EDE0-565B-46A2-93A8-6AC755960611}
	EndGlobalSection
EndGlobal
